
Microsoft Visual Studio Solution File, Format Version 12.00
# Visual Studio Version 17
VisualStudioVersion = 17.9.34607.119
MinimumVisualStudioVersion = 10.0.40219.1
Project("{2150E333-8FDC-42A3-9474-1A3956D46DE8}") = "Services", "Services", "{04FF44A4-067A-42D9-B266-6B4E04BF5D08}"
EndProject
Project("{2150E333-8FDC-42A3-9474-1A3956D46DE8}") = "Catalog", "Catalog", "{F1D1C664-F17D-481C-AE9E-3F20625335DE}"
EndProject
Project("{9A19103F-16F7-4668-BE54-9A1E7A4F7556}") = "Catalog.Api", "Services\Catalog\Catalog.Api\Catalog.Api.csproj", "{722C192C-F056-41F7-B450-AF08F48AFA3E}"
EndProject
Project("{9A19103F-16F7-4668-BE54-9A1E7A4F7556}") = "Catalog.Library", "Services\Catalog\Catalog.Library\Catalog.Library.csproj", "{ABD5FC32-BB22-4682-97EC-BD1D3494D63A}"
EndProject
Project("{2150E333-8FDC-42A3-9474-1A3956D46DE8}") = "Common", "Common", "{D20FE9FB-B2CE-49D0-83C1-C8CEF095A963}"
EndProject
Project("{9A19103F-16F7-4668-BE54-9A1E7A4F7556}") = "EShopping.Core", "EShopping.Core\EShopping.Core.csproj", "{F2927E72-C81B-4D59-A5E7-24F1B2A46002}"
EndProject
Project("{9A19103F-16F7-4668-BE54-9A1E7A4F7556}") = "EShopping.Utilities", "EShopping.Utilities\EShopping.Utilities.csproj", "{DA841BBD-B504-464B-A087-CF8B11A879E0}"
EndProject
Project("{9A19103F-16F7-4668-BE54-9A1E7A4F7556}") = "Catalog.Application", "Services\Catalog\Catalog.Application\Catalog.Application.csproj", "{77FAB02D-065A-4C37-8C55-BF396E888A21}"
EndProject
Project("{9A19103F-16F7-4668-BE54-9A1E7A4F7556}") = "Catalog.Repository", "Services\Catalog\Catalog.Repository\Catalog.Repository.csproj", "{3B72D18C-A2C7-48F1-B108-97AF55E803E0}"
EndProject
Project("{2150E333-8FDC-42A3-9474-1A3956D46DE8}") = "Basket", "Basket", "{7FF5BE7C-F9D9-4B56-9B2F-0286BA4A3CB1}"
EndProject
Project("{9A19103F-16F7-4668-BE54-9A1E7A4F7556}") = "Basket.Api", "Services\Basket\Basket.Api\Basket.Api.csproj", "{07C27660-0A80-4C10-A466-86FA7CDE78D2}"
EndProject
Project("{9A19103F-16F7-4668-BE54-9A1E7A4F7556}") = "Basket.Application", "Services\Basket\Basket.Application\Basket.Application.csproj", "{A6EA497B-9493-4EA6-A0A4-E1F4C41668A0}"
EndProject
Project("{9A19103F-16F7-4668-BE54-9A1E7A4F7556}") = "Basket.Library", "Services\Basket\Basket.Library\Basket.Library.csproj", "{5BC04EBE-92B6-4684-9078-73D7A1448A85}"
EndProject
Project("{9A19103F-16F7-4668-BE54-9A1E7A4F7556}") = "Basket.Repository", "Services\Basket\Basket.Repository\Basket.Repository.csproj", "{2510F875-94D4-4272-9CB8-834FC0FBF4AD}"
EndProject
Project("{2150E333-8FDC-42A3-9474-1A3956D46DE8}") = "Discount", "Discount", "{F6198573-91C1-43BF-9899-0EF04EE27EF6}"
EndProject
Project("{9A19103F-16F7-4668-BE54-9A1E7A4F7556}") = "Discount.Api", "Services\Discount\Discount.Api\Discount.Api.csproj", "{0A5B9A2C-1C8B-438E-BDC4-6EE885AC3ADE}"
EndProject
Project("{9A19103F-16F7-4668-BE54-9A1E7A4F7556}") = "Discount.Application", "Services\Discount\Discount.Application\Discount.Application.csproj", "{EECB6842-C1B5-4D2E-80D9-108A23FB5366}"
EndProject
Project("{9A19103F-16F7-4668-BE54-9A1E7A4F7556}") = "Discount.Library", "Services\Discount\Discount.Library\Discount.Library.csproj", "{49A81A2E-793E-4F1B-9608-F3588FA885F1}"
EndProject
Project("{9A19103F-16F7-4668-BE54-9A1E7A4F7556}") = "Discount.Repository", "Services\Discount\Discount.Repository\Discount.Repository.csproj", "{605B50A7-9B1C-4393-8767-A79E8D287003}"
EndProject
Project("{E53339B2-1760-4266-BCC7-CA923CBCF16C}") = "docker-compose", "docker-compose.dcproj", "{C080E7FA-6B8E-4ACA-9559-DEC9EA3FBF87}"
EndProject
Project("{2150E333-8FDC-42A3-9474-1A3956D46DE8}") = "Order", "Order", "{80892BEC-FFAB-4274-9E59-C311347AB975}"
EndProject
Project("{FAE04EC0-301F-11D3-BF4B-00C04F79EFBC}") = "Order.Api", "Services\Order\Order.Api\Order.Api.csproj", "{D6F60010-FE35-40A9-B0D6-EF213C2B8B59}"
EndProject
Project("{FAE04EC0-301F-11D3-BF4B-00C04F79EFBC}") = "Order.Library", "Services\Order\Order.Library\Order.Library.csproj", "{D78FCFF9-E878-4E57-931B-2B4AAFDD2330}"
EndProject
Project("{FAE04EC0-301F-11D3-BF4B-00C04F79EFBC}") = "Order.Application", "Services\Order\Order.Application\Order.Application.csproj", "{E99A7D33-6440-4865-8934-CCAB0D88F695}"
EndProject
Project("{FAE04EC0-301F-11D3-BF4B-00C04F79EFBC}") = "Order.Repository", "Services\Order\Order.Repository\Order.Repository.csproj", "{94471FDC-C7AA-4E83-BDC4-20A194063942}"
EndProject
Global
	GlobalSection(SolutionConfigurationPlatforms) = preSolution
		Debug|Any CPU = Debug|Any CPU
		Release|Any CPU = Release|Any CPU
	EndGlobalSection
	GlobalSection(ProjectConfigurationPlatforms) = postSolution
		{722C192C-F056-41F7-B450-AF08F48AFA3E}.Debug|Any CPU.ActiveCfg = Debug|Any CPU
		{722C192C-F056-41F7-B450-AF08F48AFA3E}.Debug|Any CPU.Build.0 = Debug|Any CPU
		{722C192C-F056-41F7-B450-AF08F48AFA3E}.Release|Any CPU.ActiveCfg = Release|Any CPU
		{722C192C-F056-41F7-B450-AF08F48AFA3E}.Release|Any CPU.Build.0 = Release|Any CPU
		{ABD5FC32-BB22-4682-97EC-BD1D3494D63A}.Debug|Any CPU.ActiveCfg = Debug|Any CPU
		{ABD5FC32-BB22-4682-97EC-BD1D3494D63A}.Debug|Any CPU.Build.0 = Debug|Any CPU
		{ABD5FC32-BB22-4682-97EC-BD1D3494D63A}.Release|Any CPU.ActiveCfg = Release|Any CPU
		{ABD5FC32-BB22-4682-97EC-BD1D3494D63A}.Release|Any CPU.Build.0 = Release|Any CPU
		{F2927E72-C81B-4D59-A5E7-24F1B2A46002}.Debug|Any CPU.ActiveCfg = Debug|Any CPU
		{F2927E72-C81B-4D59-A5E7-24F1B2A46002}.Debug|Any CPU.Build.0 = Debug|Any CPU
		{F2927E72-C81B-4D59-A5E7-24F1B2A46002}.Release|Any CPU.ActiveCfg = Release|Any CPU
		{F2927E72-C81B-4D59-A5E7-24F1B2A46002}.Release|Any CPU.Build.0 = Release|Any CPU
		{DA841BBD-B504-464B-A087-CF8B11A879E0}.Debug|Any CPU.ActiveCfg = Debug|Any CPU
		{DA841BBD-B504-464B-A087-CF8B11A879E0}.Debug|Any CPU.Build.0 = Debug|Any CPU
		{DA841BBD-B504-464B-A087-CF8B11A879E0}.Release|Any CPU.ActiveCfg = Release|Any CPU
		{DA841BBD-B504-464B-A087-CF8B11A879E0}.Release|Any CPU.Build.0 = Release|Any CPU
		{77FAB02D-065A-4C37-8C55-BF396E888A21}.Debug|Any CPU.ActiveCfg = Debug|Any CPU
		{77FAB02D-065A-4C37-8C55-BF396E888A21}.Debug|Any CPU.Build.0 = Debug|Any CPU
		{77FAB02D-065A-4C37-8C55-BF396E888A21}.Release|Any CPU.ActiveCfg = Release|Any CPU
		{77FAB02D-065A-4C37-8C55-BF396E888A21}.Release|Any CPU.Build.0 = Release|Any CPU
		{3B72D18C-A2C7-48F1-B108-97AF55E803E0}.Debug|Any CPU.ActiveCfg = Debug|Any CPU
		{3B72D18C-A2C7-48F1-B108-97AF55E803E0}.Debug|Any CPU.Build.0 = Debug|Any CPU
		{3B72D18C-A2C7-48F1-B108-97AF55E803E0}.Release|Any CPU.ActiveCfg = Release|Any CPU
		{3B72D18C-A2C7-48F1-B108-97AF55E803E0}.Release|Any CPU.Build.0 = Release|Any CPU
		{07C27660-0A80-4C10-A466-86FA7CDE78D2}.Debug|Any CPU.ActiveCfg = Debug|Any CPU
		{07C27660-0A80-4C10-A466-86FA7CDE78D2}.Debug|Any CPU.Build.0 = Debug|Any CPU
		{07C27660-0A80-4C10-A466-86FA7CDE78D2}.Release|Any CPU.ActiveCfg = Release|Any CPU
		{07C27660-0A80-4C10-A466-86FA7CDE78D2}.Release|Any CPU.Build.0 = Release|Any CPU
		{A6EA497B-9493-4EA6-A0A4-E1F4C41668A0}.Debug|Any CPU.ActiveCfg = Debug|Any CPU
		{A6EA497B-9493-4EA6-A0A4-E1F4C41668A0}.Debug|Any CPU.Build.0 = Debug|Any CPU
		{A6EA497B-9493-4EA6-A0A4-E1F4C41668A0}.Release|Any CPU.ActiveCfg = Release|Any CPU
		{A6EA497B-9493-4EA6-A0A4-E1F4C41668A0}.Release|Any CPU.Build.0 = Release|Any CPU
		{5BC04EBE-92B6-4684-9078-73D7A1448A85}.Debug|Any CPU.ActiveCfg = Debug|Any CPU
		{5BC04EBE-92B6-4684-9078-73D7A1448A85}.Debug|Any CPU.Build.0 = Debug|Any CPU
		{5BC04EBE-92B6-4684-9078-73D7A1448A85}.Release|Any CPU.ActiveCfg = Release|Any CPU
		{5BC04EBE-92B6-4684-9078-73D7A1448A85}.Release|Any CPU.Build.0 = Release|Any CPU
		{2510F875-94D4-4272-9CB8-834FC0FBF4AD}.Debug|Any CPU.ActiveCfg = Debug|Any CPU
		{2510F875-94D4-4272-9CB8-834FC0FBF4AD}.Debug|Any CPU.Build.0 = Debug|Any CPU
		{2510F875-94D4-4272-9CB8-834FC0FBF4AD}.Release|Any CPU.ActiveCfg = Release|Any CPU
		{2510F875-94D4-4272-9CB8-834FC0FBF4AD}.Release|Any CPU.Build.0 = Release|Any CPU
		{0A5B9A2C-1C8B-438E-BDC4-6EE885AC3ADE}.Debug|Any CPU.ActiveCfg = Debug|Any CPU
		{0A5B9A2C-1C8B-438E-BDC4-6EE885AC3ADE}.Debug|Any CPU.Build.0 = Debug|Any CPU
		{0A5B9A2C-1C8B-438E-BDC4-6EE885AC3ADE}.Release|Any CPU.ActiveCfg = Release|Any CPU
		{0A5B9A2C-1C8B-438E-BDC4-6EE885AC3ADE}.Release|Any CPU.Build.0 = Release|Any CPU
		{EECB6842-C1B5-4D2E-80D9-108A23FB5366}.Debug|Any CPU.ActiveCfg = Debug|Any CPU
		{EECB6842-C1B5-4D2E-80D9-108A23FB5366}.Debug|Any CPU.Build.0 = Debug|Any CPU
		{EECB6842-C1B5-4D2E-80D9-108A23FB5366}.Release|Any CPU.ActiveCfg = Release|Any CPU
		{EECB6842-C1B5-4D2E-80D9-108A23FB5366}.Release|Any CPU.Build.0 = Release|Any CPU
		{49A81A2E-793E-4F1B-9608-F3588FA885F1}.Debug|Any CPU.ActiveCfg = Debug|Any CPU
		{49A81A2E-793E-4F1B-9608-F3588FA885F1}.Debug|Any CPU.Build.0 = Debug|Any CPU
		{49A81A2E-793E-4F1B-9608-F3588FA885F1}.Release|Any CPU.ActiveCfg = Release|Any CPU
		{49A81A2E-793E-4F1B-9608-F3588FA885F1}.Release|Any CPU.Build.0 = Release|Any CPU
		{605B50A7-9B1C-4393-8767-A79E8D287003}.Debug|Any CPU.ActiveCfg = Debug|Any CPU
		{605B50A7-9B1C-4393-8767-A79E8D287003}.Debug|Any CPU.Build.0 = Debug|Any CPU
		{605B50A7-9B1C-4393-8767-A79E8D287003}.Release|Any CPU.ActiveCfg = Release|Any CPU
		{605B50A7-9B1C-4393-8767-A79E8D287003}.Release|Any CPU.Build.0 = Release|Any CPU
		{C080E7FA-6B8E-4ACA-9559-DEC9EA3FBF87}.Debug|Any CPU.ActiveCfg = Debug|Any CPU
		{C080E7FA-6B8E-4ACA-9559-DEC9EA3FBF87}.Debug|Any CPU.Build.0 = Debug|Any CPU
		{C080E7FA-6B8E-4ACA-9559-DEC9EA3FBF87}.Release|Any CPU.ActiveCfg = Release|Any CPU
		{C080E7FA-6B8E-4ACA-9559-DEC9EA3FBF87}.Release|Any CPU.Build.0 = Release|Any CPU
		{D6F60010-FE35-40A9-B0D6-EF213C2B8B59}.Debug|Any CPU.ActiveCfg = Debug|Any CPU
		{D6F60010-FE35-40A9-B0D6-EF213C2B8B59}.Debug|Any CPU.Build.0 = Debug|Any CPU
		{D6F60010-FE35-40A9-B0D6-EF213C2B8B59}.Release|Any CPU.ActiveCfg = Release|Any CPU
		{D6F60010-FE35-40A9-B0D6-EF213C2B8B59}.Release|Any CPU.Build.0 = Release|Any CPU
		{D78FCFF9-E878-4E57-931B-2B4AAFDD2330}.Debug|Any CPU.ActiveCfg = Debug|Any CPU
		{D78FCFF9-E878-4E57-931B-2B4AAFDD2330}.Debug|Any CPU.Build.0 = Debug|Any CPU
		{D78FCFF9-E878-4E57-931B-2B4AAFDD2330}.Release|Any CPU.ActiveCfg = Release|Any CPU
		{D78FCFF9-E878-4E57-931B-2B4AAFDD2330}.Release|Any CPU.Build.0 = Release|Any CPU
		{E99A7D33-6440-4865-8934-CCAB0D88F695}.Debug|Any CPU.ActiveCfg = Debug|Any CPU
		{E99A7D33-6440-4865-8934-CCAB0D88F695}.Debug|Any CPU.Build.0 = Debug|Any CPU
		{E99A7D33-6440-4865-8934-CCAB0D88F695}.Release|Any CPU.ActiveCfg = Release|Any CPU
		{E99A7D33-6440-4865-8934-CCAB0D88F695}.Release|Any CPU.Build.0 = Release|Any CPU
		{94471FDC-C7AA-4E83-BDC4-20A194063942}.Debug|Any CPU.ActiveCfg = Debug|Any CPU
		{94471FDC-C7AA-4E83-BDC4-20A194063942}.Debug|Any CPU.Build.0 = Debug|Any CPU
		{94471FDC-C7AA-4E83-BDC4-20A194063942}.Release|Any CPU.ActiveCfg = Release|Any CPU
		{94471FDC-C7AA-4E83-BDC4-20A194063942}.Release|Any CPU.Build.0 = Release|Any CPU
	EndGlobalSection
	GlobalSection(SolutionProperties) = preSolution
		HideSolutionNode = FALSE
	EndGlobalSection
	GlobalSection(NestedProjects) = preSolution
		{F1D1C664-F17D-481C-AE9E-3F20625335DE} = {04FF44A4-067A-42D9-B266-6B4E04BF5D08}
		{722C192C-F056-41F7-B450-AF08F48AFA3E} = {F1D1C664-F17D-481C-AE9E-3F20625335DE}
		{ABD5FC32-BB22-4682-97EC-BD1D3494D63A} = {F1D1C664-F17D-481C-AE9E-3F20625335DE}
		{F2927E72-C81B-4D59-A5E7-24F1B2A46002} = {D20FE9FB-B2CE-49D0-83C1-C8CEF095A963}
		{DA841BBD-B504-464B-A087-CF8B11A879E0} = {D20FE9FB-B2CE-49D0-83C1-C8CEF095A963}
		{77FAB02D-065A-4C37-8C55-BF396E888A21} = {F1D1C664-F17D-481C-AE9E-3F20625335DE}
		{3B72D18C-A2C7-48F1-B108-97AF55E803E0} = {F1D1C664-F17D-481C-AE9E-3F20625335DE}
		{7FF5BE7C-F9D9-4B56-9B2F-0286BA4A3CB1} = {04FF44A4-067A-42D9-B266-6B4E04BF5D08}
		{07C27660-0A80-4C10-A466-86FA7CDE78D2} = {7FF5BE7C-F9D9-4B56-9B2F-0286BA4A3CB1}
		{A6EA497B-9493-4EA6-A0A4-E1F4C41668A0} = {7FF5BE7C-F9D9-4B56-9B2F-0286BA4A3CB1}
		{5BC04EBE-92B6-4684-9078-73D7A1448A85} = {7FF5BE7C-F9D9-4B56-9B2F-0286BA4A3CB1}
		{2510F875-94D4-4272-9CB8-834FC0FBF4AD} = {7FF5BE7C-F9D9-4B56-9B2F-0286BA4A3CB1}
		{F6198573-91C1-43BF-9899-0EF04EE27EF6} = {04FF44A4-067A-42D9-B266-6B4E04BF5D08}
		{0A5B9A2C-1C8B-438E-BDC4-6EE885AC3ADE} = {F6198573-91C1-43BF-9899-0EF04EE27EF6}
		{EECB6842-C1B5-4D2E-80D9-108A23FB5366} = {F6198573-91C1-43BF-9899-0EF04EE27EF6}
		{49A81A2E-793E-4F1B-9608-F3588FA885F1} = {F6198573-91C1-43BF-9899-0EF04EE27EF6}
		{605B50A7-9B1C-4393-8767-A79E8D287003} = {F6198573-91C1-43BF-9899-0EF04EE27EF6}
		{80892BEC-FFAB-4274-9E59-C311347AB975} = {04FF44A4-067A-42D9-B266-6B4E04BF5D08}
		{D6F60010-FE35-40A9-B0D6-EF213C2B8B59} = {80892BEC-FFAB-4274-9E59-C311347AB975}
		{D78FCFF9-E878-4E57-931B-2B4AAFDD2330} = {80892BEC-FFAB-4274-9E59-C311347AB975}
		{E99A7D33-6440-4865-8934-CCAB0D88F695} = {80892BEC-FFAB-4274-9E59-C311347AB975}
		{94471FDC-C7AA-4E83-BDC4-20A194063942} = {80892BEC-FFAB-4274-9E59-C311347AB975}
	EndGlobalSection
	GlobalSection(ExtensibilityGlobals) = postSolution
		SolutionGuid = {89CB0C4C-EFFC-42D9-87BB-148F2A3630B7}
	EndGlobalSection
EndGlobal
